// !$*UTF8*$!
{
	archiveVersion = 1;
	classes = {
	};
	objectVersion = 55;
	objects = {

/* Begin PBXBuildFile section */
		1253568B27A2C0C8005AA06F /* python_quizApp.swift in Sources */ = {isa = PBXBuildFile; fileRef = 1253568A27A2C0C8005AA06F /* python_quizApp.swift */; };
		1253568D27A2C0C8005AA06F /* ContentView.swift in Sources */ = {isa = PBXBuildFile; fileRef = 1253568C27A2C0C8005AA06F /* ContentView.swift */; };
		1253568F27A2C0C8005AA06F /* Assets.xcassets in Resources */ = {isa = PBXBuildFile; fileRef = 1253568E27A2C0C8005AA06F /* Assets.xcassets */; };
		1253569227A2C0C8005AA06F /* Preview Assets.xcassets in Resources */ = {isa = PBXBuildFile; fileRef = 1253569127A2C0C8005AA06F /* Preview Assets.xcassets */; };
		1253569C27A2C0C8005AA06F /* python_quizTests.swift in Sources */ = {isa = PBXBuildFile; fileRef = 1253569B27A2C0C8005AA06F /* python_quizTests.swift */; };
		125356A627A2C0C8005AA06F /* python_quizUITests.swift in Sources */ = {isa = PBXBuildFile; fileRef = 125356A527A2C0C8005AA06F /* python_quizUITests.swift */; };
		125356A827A2C0C8005AA06F /* python_quizUITestsLaunchTests.swift in Sources */ = {isa = PBXBuildFile; fileRef = 125356A727A2C0C8005AA06F /* python_quizUITestsLaunchTests.swift */; };
/* End PBXBuildFile section */

/* Begin PBXContainerItemProxy section */
		1253569827A2C0C8005AA06F /* PBXContainerItemProxy */ = {
			isa = PBXContainerItemProxy;
			containerPortal = 1253567F27A2C0C8005AA06F /* Project object */;
			proxyType = 1;
			remoteGlobalIDString = 1253568627A2C0C8005AA06F;
			remoteInfo = python_quiz;
		};
		125356A227A2C0C8005AA06F /* PBXContainerItemProxy */ = {
			isa = PBXContainerItemProxy;
			containerPortal = 1253567F27A2C0C8005AA06F /* Project object */;
			proxyType = 1;
			remoteGlobalIDString = 1253568627A2C0C8005AA06F;
			remoteInfo = python_quiz;
		};
/* End PBXContainerItemProxy section */

/* Begin PBXFileReference section */
		1253568727A2C0C8005AA06F /* python_quiz.app */ = {isa = PBXFileReference; explicitFileType = wrapper.application; includeInIndex = 0; path = python_quiz.app; sourceTree = BUILT_PRODUCTS_DIR; };
		1253568A27A2C0C8005AA06F /* python_quizApp.swift */ = {isa = PBXFileReference; lastKnownFileType = sourcecode.swift; path = python_quizApp.swift; sourceTree = "<group>"; };
		1253568C27A2C0C8005AA06F /* ContentView.swift */ = {isa = PBXFileReference; lastKnownFileType = sourcecode.swift; path = ContentView.swift; sourceTree = "<group>"; };
		1253568E27A2C0C8005AA06F /* Assets.xcassets */ = {isa = PBXFileReference; lastKnownFileType = folder.assetcatalog; path = Assets.xcassets; sourceTree = "<group>"; };
		1253569127A2C0C8005AA06F /* Preview Assets.xcassets */ = {isa = PBXFileReference; lastKnownFileType = folder.assetcatalog; path = "Preview Assets.xcassets"; sourceTree = "<group>"; };
		1253569727A2C0C8005AA06F /* python_quizTests.xctest */ = {isa = PBXFileReference; explicitFileType = wrapper.cfbundle; includeInIndex = 0; path = python_quizTests.xctest; sourceTree = BUILT_PRODUCTS_DIR; };
		1253569B27A2C0C8005AA06F /* python_quizTests.swift */ = {isa = PBXFileReference; lastKnownFileType = sourcecode.swift; path = python_quizTests.swift; sourceTree = "<group>"; };
		125356A127A2C0C8005AA06F /* python_quizUITests.xctest */ = {isa = PBXFileReference; explicitFileType = wrapper.cfbundle; includeInIndex = 0; path = python_quizUITests.xctest; sourceTree = BUILT_PRODUCTS_DIR; };
		125356A527A2C0C8005AA06F /* python_quizUITests.swift */ = {isa = PBXFileReference; lastKnownFileType = sourcecode.swift; path = python_quizUITests.swift; sourceTree = "<group>"; };
		125356A727A2C0C8005AA06F /* python_quizUITestsLaunchTests.swift */ = {isa = PBXFileReference; lastKnownFileType = sourcecode.swift; path = python_quizUITestsLaunchTests.swift; sourceTree = "<group>"; };
/* End PBXFileReference section */

/* Begin PBXFrameworksBuildPhase section */
		1253568427A2C0C8005AA06F /* Frameworks */ = {
			isa = PBXFrameworksBuildPhase;
			buildActionMask = 2147483647;
			files = (
			);
			runOnlyForDeploymentPostprocessing = 0;
		};
		1253569427A2C0C8005AA06F /* Frameworks */ = {
			isa = PBXFrameworksBuildPhase;
			buildActionMask = 2147483647;
			files = (
			);
			runOnlyForDeploymentPostprocessing = 0;
		};
		1253569E27A2C0C8005AA06F /* Frameworks */ = {
			isa = PBXFrameworksBuildPhase;
			buildActionMask = 2147483647;
			files = (
			);
			runOnlyForDeploymentPostprocessing = 0;
		};
/* End PBXFrameworksBuildPhase section */

/* Begin PBXGroup section */
		1253567E27A2C0C8005AA06F = {
			isa = PBXGroup;
			children = (
				1253568927A2C0C8005AA06F /* python_quiz */,
				1253569A27A2C0C8005AA06F /* python_quizTests */,
				125356A427A2C0C8005AA06F /* python_quizUITests */,
				1253568827A2C0C8005AA06F /* Products */,
			);
			sourceTree = "<group>";
		};
		1253568827A2C0C8005AA06F /* Products */ = {
			isa = PBXGroup;
			children = (
				1253568727A2C0C8005AA06F /* python_quiz.app */,
				1253569727A2C0C8005AA06F /* python_quizTests.xctest */,
				125356A127A2C0C8005AA06F /* python_quizUITests.xctest */,
			);
			name = Products;
			sourceTree = "<group>";
		};
		1253568927A2C0C8005AA06F /* python_quiz */ = {
			isa = PBXGroup;
			children = (
				1253568A27A2C0C8005AA06F /* python_quizApp.swift */,
				1253568C27A2C0C8005AA06F /* ContentView.swift */,
				1253568E27A2C0C8005AA06F /* Assets.xcassets */,
				1253569027A2C0C8005AA06F /* Preview Content */,
			);
			path = python_quiz;
			sourceTree = "<group>";
		};
		1253569027A2C0C8005AA06F /* Preview Content */ = {
			isa = PBXGroup;
			children = (
				1253569127A2C0C8005AA06F /* Preview Assets.xcassets */,
			);
			path = "Preview Content";
			sourceTree = "<group>";
		};
		1253569A27A2C0C8005AA06F /* python_quizTests */ = {
			isa = PBXGroup;
			children = (
				1253569B27A2C0C8005AA06F /* python_quizTests.swift */,
			);
			path = python_quizTests;
			sourceTree = "<group>";
		};
		125356A427A2C0C8005AA06F /* python_quizUITests */ = {
			isa = PBXGroup;
			children = (
				125356A527A2C0C8005AA06F /* python_quizUITests.swift */,
				125356A727A2C0C8005AA06F /* python_quizUITestsLaunchTests.swift */,
			);
			path = python_quizUITests;
			sourceTree = "<group>";
		};
/* End PBXGroup section */

/* Begin PBXNativeTarget section */
		1253568627A2C0C8005AA06F /* python_quiz */ = {
			isa = PBXNativeTarget;
			buildConfigurationList = 125356AB27A2C0C8005AA06F /* Build configuration list for PBXNativeTarget "python_quiz" */;
			buildPhases = (
				1253568327A2C0C8005AA06F /* Sources */,
				1253568427A2C0C8005AA06F /* Frameworks */,
				1253568527A2C0C8005AA06F /* Resources */,
			);
			buildRules = (
			);
			dependencies = (
			);
			name = python_quiz;
			productName = python_quiz;
			productReference = 1253568727A2C0C8005AA06F /* python_quiz.app */;
			productType = "com.apple.product-type.application";
		};
		1253569627A2C0C8005AA06F /* python_quizTests */ = {
			isa = PBXNativeTarget;
			buildConfigurationList = 125356AE27A2C0C8005AA06F /* Build configuration list for PBXNativeTarget "python_quizTests" */;
			buildPhases = (
				1253569327A2C0C8005AA06F /* Sources */,
				1253569427A2C0C8005AA06F /* Frameworks */,
				1253569527A2C0C8005AA06F /* Resources */,
			);
			buildRules = (
			);
			dependencies = (
				1253569927A2C0C8005AA06F /* PBXTargetDependency */,
			);
			name = python_quizTests;
			productName = python_quizTests;
			productReference = 1253569727A2C0C8005AA06F /* python_quizTests.xctest */;
			productType = "com.apple.product-type.bundle.unit-test";
		};
		125356A027A2C0C8005AA06F /* python_quizUITests */ = {
			isa = PBXNativeTarget;
			buildConfigurationList = 125356B127A2C0C8005AA06F /* Build configuration list for PBXNativeTarget "python_quizUITests" */;
			buildPhases = (
				1253569D27A2C0C8005AA06F /* Sources */,
				1253569E27A2C0C8005AA06F /* Frameworks */,
				1253569F27A2C0C8005AA06F /* Resources */,
			);
			buildRules = (
			);
			dependencies = (
				125356A327A2C0C8005AA06F /* PBXTargetDependency */,
			);
			name = python_quizUITests;
			productName = python_quizUITests;
			productReference = 125356A127A2C0C8005AA06F /* python_quizUITests.xctest */;
			productType = "com.apple.product-type.bundle.ui-testing";
		};
/* End PBXNativeTarget section */

/* Begin PBXProject section */
		1253567F27A2C0C8005AA06F /* Project object */ = {
			isa = PBXProject;
			attributes = {
				BuildIndependentTargetsInParallel = 1;
				LastSwiftUpdateCheck = 1320;
				LastUpgradeCheck = 1320;
				TargetAttributes = {
					1253568627A2C0C8005AA06F = {
						CreatedOnToolsVersion = 13.2.1;
					};
					1253569627A2C0C8005AA06F = {
						CreatedOnToolsVersion = 13.2.1;
						TestTargetID = 1253568627A2C0C8005AA06F;
					};
					125356A027A2C0C8005AA06F = {
						CreatedOnToolsVersion = 13.2.1;
						TestTargetID = 1253568627A2C0C8005AA06F;
					};
				};
			};
			buildConfigurationList = 1253568227A2C0C8005AA06F /* Build configuration list for PBXProject "python_quiz" */;
			compatibilityVersion = "Xcode 13.0";
			developmentRegion = en;
			hasScannedForEncodings = 0;
			knownRegions = (
				en,
				Base,
			);
			mainGroup = 1253567E27A2C0C8005AA06F;
			productRefGroup = 1253568827A2C0C8005AA06F /* Products */;
			projectDirPath = "";
			projectRoot = "";
			targets = (
				1253568627A2C0C8005AA06F /* python_quiz */,
				1253569627A2C0C8005AA06F /* python_quizTests */,
				125356A027A2C0C8005AA06F /* python_quizUITests */,
			);
		};
/* End PBXProject section */

/* Begin PBXResourcesBuildPhase section */
		1253568527A2C0C8005AA06F /* Resources */ = {
			isa = PBXResourcesBuildPhase;
			buildActionMask = 2147483647;
			files = (
				1253569227A2C0C8005AA06F /* Preview Assets.xcassets in Resources */,
				1253568F27A2C0C8005AA06F /* Assets.xcassets in Resources */,
			);
			runOnlyForDeploymentPostprocessing = 0;
		};
		1253569527A2C0C8005AA06F /* Resources */ = {
			isa = PBXResourcesBuildPhase;
			buildActionMask = 2147483647;
			files = (
			);
			runOnlyForDeploymentPostprocessing = 0;
		};
		1253569F27A2C0C8005AA06F /* Resources */ = {
			isa = PBXResourcesBuildPhase;
			buildActionMask = 2147483647;
			files = (
			);
			runOnlyForDeploymentPostprocessing = 0;
		};
/* End PBXResourcesBuildPhase section */

/* Begin PBXSourcesBuildPhase section */
		1253568327A2C0C8005AA06F /* Sources */ = {
			isa = PBXSourcesBuildPhase;
			buildActionMask = 2147483647;
			files = (
				1253568D27A2C0C8005AA06F /* ContentView.swift in Sources */,
				1253568B27A2C0C8005AA06F /* python_quizApp.swift in Sources */,
			);
			runOnlyForDeploymentPostprocessing = 0;
		};
		1253569327A2C0C8005AA06F /* Sources */ = {
			isa = PBXSourcesBuildPhase;
			buildActionMask = 2147483647;
			files = (
				1253569C27A2C0C8005AA06F /* python_quizTests.swift in Sources */,
			);
			runOnlyForDeploymentPostprocessing = 0;
		};
		1253569D27A2C0C8005AA06F /* Sources */ = {
			isa = PBXSourcesBuildPhase;
			buildActionMask = 2147483647;
			files = (
				125356A627A2C0C8005AA06F /* python_quizUITests.swift in Sources */,
				125356A827A2C0C8005AA06F /* python_quizUITestsLaunchTests.swift in Sources */,
			);
			runOnlyForDeploymentPostprocessing = 0;
		};
/* End PBXSourcesBuildPhase section */

/* Begin PBXTargetDependency section */
		1253569927A2C0C8005AA06F /* PBXTargetDependency */ = {
			isa = PBXTargetDependency;
			target = 1253568627A2C0C8005AA06F /* python_quiz */;
			targetProxy = 1253569827A2C0C8005AA06F /* PBXContainerItemProxy */;
		};
		125356A327A2C0C8005AA06F /* PBXTargetDependency */ = {
			isa = PBXTargetDependency;
			target = 1253568627A2C0C8005AA06F /* python_quiz */;
			targetProxy = 125356A227A2C0C8005AA06F /* PBXContainerItemProxy */;
		};
/* End PBXTargetDependency section */

/* Begin XCBuildConfiguration section */
		125356A927A2C0C8005AA06F /* Debug */ = {
			isa = XCBuildConfiguration;
			buildSettings = {
				ALWAYS_SEARCH_USER_PATHS = NO;
				CLANG_ANALYZER_NONNULL = YES;
				CLANG_ANALYZER_NUMBER_OBJECT_CONVERSION = YES_AGGRESSIVE;
				CLANG_CXX_LANGUAGE_STANDARD = "gnu++17";
				CLANG_CXX_LIBRARY = "libc++";
				CLANG_ENABLE_MODULES = YES;
				CLANG_ENABLE_OBJC_ARC = YES;
				CLANG_ENABLE_OBJC_WEAK = YES;
				CLANG_WARN_BLOCK_CAPTURE_AUTORELEASING = YES;
				CLANG_WARN_BOOL_CONVERSION = YES;
				CLANG_WARN_COMMA = YES;
				CLANG_WARN_CONSTANT_CONVERSION = YES;
				CLANG_WARN_DEPRECATED_OBJC_IMPLEMENTATIONS = YES;
				CLANG_WARN_DIRECT_OBJC_ISA_USAGE = YES_ERROR;
				CLANG_WARN_DOCUMENTATION_COMMENTS = YES;
				CLANG_WARN_EMPTY_BODY = YES;
				CLANG_WARN_ENUM_CONVERSION = YES;
				CLANG_WARN_INFINITE_RECURSION = YES;
				CLANG_WARN_INT_CONVERSION = YES;
				CLANG_WARN_NON_LITERAL_NULL_CONVERSION = YES;
				CLANG_WARN_OBJC_IMPLICIT_RETAIN_SELF = YES;
				CLANG_WARN_OBJC_LITERAL_CONVERSION = YES;
				CLANG_WARN_OBJC_ROOT_CLASS = YES_ERROR;
				CLANG_WARN_QUOTED_INCLUDE_IN_FRAMEWORK_HEADER = YES;
				CLANG_WARN_RANGE_LOOP_ANALYSIS = YES;
				CLANG_WARN_STRICT_PROTOTYPES = YES;
				CLANG_WARN_SUSPICIOUS_MOVE = YES;
				CLANG_WARN_UNGUARDED_AVAILABILITY = YES_AGGRESSIVE;
				CLANG_WARN_UNREACHABLE_CODE = YES;
				CLANG_WARN__DUPLICATE_METHOD_MATCH = YES;
				COPY_PHASE_STRIP = NO;
				DEBUG_INFORMATION_FORMAT = dwarf;
				ENABLE_STRICT_OBJC_MSGSEND = YES;
				ENABLE_TESTABILITY = YES;
				GCC_C_LANGUAGE_STANDARD = gnu11;
				GCC_DYNAMIC_NO_PIC = NO;
				GCC_NO_COMMON_BLOCKS = YES;
				GCC_OPTIMIZATION_LEVEL = 0;
				GCC_PREPROCESSOR_DEFINITIONS = (
					"DEBUG=1",
					"$(inherited)",
				);
				GCC_WARN_64_TO_32_BIT_CONVERSION = YES;
				GCC_WARN_ABOUT_RETURN_TYPE = YES_ERROR;
				GCC_WARN_UNDECLARED_SELECTOR = YES;
				GCC_WARN_UNINITIALIZED_AUTOS = YES_AGGRESSIVE;
				GCC_WARN_UNUSED_FUNCTION = YES;
				GCC_WARN_UNUSED_VARIABLE = YES;
				IPHONEOS_DEPLOYMENT_TARGET = 15.2;
				MTL_ENABLE_DEBUG_INFO = INCLUDE_SOURCE;
				MTL_FAST_MATH = YES;
				ONLY_ACTIVE_ARCH = YES;
				SDKROOT = iphoneos;
				SWIFT_ACTIVE_COMPILATION_CONDITIONS = DEBUG;
				SWIFT_OPTIMIZATION_LEVEL = "-Onone";
			};
			name = Debug;
		};
		125356AA27A2C0C8005AA06F /* Release */ = {
			isa = XCBuildConfiguration;
			buildSettings = {
				ALWAYS_SEARCH_USER_PATHS = NO;
				CLANG_ANALYZER_NONNULL = YES;
				CLANG_ANALYZER_NUMBER_OBJECT_CONVERSION = YES_AGGRESSIVE;
				CLANG_CXX_LANGUAGE_STANDARD = "gnu++17";
				CLANG_CXX_LIBRARY = "libc++";
				CLANG_ENABLE_MODULES = YES;
				CLANG_ENABLE_OBJC_ARC = YES;
				CLANG_ENABLE_OBJC_WEAK = YES;
				CLANG_WARN_BLOCK_CAPTURE_AUTORELEASING = YES;
				CLANG_WARN_BOOL_CONVERSION = YES;
				CLANG_WARN_COMMA = YES;
				CLANG_WARN_CONSTANT_CONVERSION = YES;
				CLANG_WARN_DEPRECATED_OBJC_IMPLEMENTATIONS = YES;
				CLANG_WARN_DIRECT_OBJC_ISA_USAGE = YES_ERROR;
				CLANG_WARN_DOCUMENTATION_COMMENTS = YES;
				CLANG_WARN_EMPTY_BODY = YES;
				CLANG_WARN_ENUM_CONVERSION = YES;
				CLANG_WARN_INFINITE_RECURSION = YES;
				CLANG_WARN_INT_CONVERSION = YES;
				CLANG_WARN_NON_LITERAL_NULL_CONVERSION = YES;
				CLANG_WARN_OBJC_IMPLICIT_RETAIN_SELF = YES;
				CLANG_WARN_OBJC_LITERAL_CONVERSION = YES;
				CLANG_WARN_OBJC_ROOT_CLASS = YES_ERROR;
				CLANG_WARN_QUOTED_INCLUDE_IN_FRAMEWORK_HEADER = YES;
				CLANG_WARN_RANGE_LOOP_ANALYSIS = YES;
				CLANG_WARN_STRICT_PROTOTYPES = YES;
				CLANG_WARN_SUSPICIOUS_MOVE = YES;
				CLANG_WARN_UNGUARDED_AVAILABILITY = YES_AGGRESSIVE;
				CLANG_WARN_UNREACHABLE_CODE = YES;
				CLANG_WARN__DUPLICATE_METHOD_MATCH = YES;
				COPY_PHASE_STRIP = NO;
				DEBUG_INFORMATION_FORMAT = "dwarf-with-dsym";
				ENABLE_NS_ASSERTIONS = NO;
				ENABLE_STRICT_OBJC_MSGSEND = YES;
				GCC_C_LANGUAGE_STANDARD = gnu11;
				GCC_NO_COMMON_BLOCKS = YES;
				GCC_WARN_64_TO_32_BIT_CONVERSION = YES;
				GCC_WARN_ABOUT_RETURN_TYPE = YES_ERROR;
				GCC_WARN_UNDECLARED_SELECTOR = YES;
				GCC_WARN_UNINITIALIZED_AUTOS = YES_AGGRESSIVE;
				GCC_WARN_UNUSED_FUNCTION = YES;
				GCC_WARN_UNUSED_VARIABLE = YES;
				IPHONEOS_DEPLOYMENT_TARGET = 15.2;
				MTL_ENABLE_DEBUG_INFO = NO;
				MTL_FAST_MATH = YES;
				SDKROOT = iphoneos;
				SWIFT_COMPILATION_MODE = wholemodule;
				SWIFT_OPTIMIZATION_LEVEL = "-O";
				VALIDATE_PRODUCT = YES;
			};
			name = Release;
		};
		125356AC27A2C0C8005AA06F /* Debug */ = {
			isa = XCBuildConfiguration;
			buildSettings = {
				ASSETCATALOG_COMPILER_APPICON_NAME = AppIcon;
				ASSETCATALOG_COMPILER_GLOBAL_ACCENT_COLOR_NAME = AccentColor;
				CODE_SIGN_STYLE = Automatic;
				CURRENT_PROJECT_VERSION = 1;
				DEVELOPMENT_ASSET_PATHS = "\"python_quiz/Preview Content\"";
				DEVELOPMENT_TEAM = J65ZAZ2PMQ;
				ENABLE_PREVIEWS = YES;
				GENERATE_INFOPLIST_FILE = YES;
				INFOPLIST_KEY_UIApplicationSceneManifest_Generation = YES;
				INFOPLIST_KEY_UIApplicationSupportsIndirectInputEvents = YES;
				INFOPLIST_KEY_UILaunchScreen_Generation = YES;
				INFOPLIST_KEY_UISupportedInterfaceOrientations_iPad = "UIInterfaceOrientationPortrait UIInterfaceOrientationPortraitUpsideDown UIInterfaceOrientationLandscapeLeft UIInterfaceOrientationLandscapeRight";
				INFOPLIST_KEY_UISupportedInterfaceOrientations_iPhone = "UIInterfaceOrientationPortrait UIInterfaceOrientationLandscapeLeft UIInterfaceOrientationLandscapeRight";
				LD_RUNPATH_SEARCH_PATHS = (
					"$(inherited)",
					"@executable_path/Frameworks",
				);
				MARKETING_VERSION = 1.0;
				PRODUCT_BUNDLE_IDENTIFIER = "hrdkdh.python-quiz";
				PRODUCT_NAME = "$(TARGET_NAME)";
				SWIFT_EMIT_LOC_STRINGS = YES;
				SWIFT_VERSION = 5.0;
				TARGETED_DEVICE_FAMILY = "1,2";
			};
			name = Debug;
		};
		125356AD27A2C0C8005AA06F /* Release */ = {
			isa = XCBuildConfiguration;
			buildSettings = {
				ASSETCATALOG_COMPILER_APPICON_NAME = AppIcon;
				ASSETCATALOG_COMPILER_GLOBAL_ACCENT_COLOR_NAME = AccentColor;
				CODE_SIGN_STYLE = Automatic;
				CURRENT_PROJECT_VERSION = 1;
				DEVELOPMENT_ASSET_PATHS = "\"python_quiz/Preview Content\"";
				DEVELOPMENT_TEAM = J65ZAZ2PMQ;
				ENABLE_PREVIEWS = YES;
				GENERATE_INFOPLIST_FILE = YES;
				INFOPLIST_KEY_UIApplicationSceneManifest_Generation = YES;
				INFOPLIST_KEY_UIApplicationSupportsIndirectInputEvents = YES;
				INFOPLIST_KEY_UILaunchScreen_Generation = YES;
				INFOPLIST_KEY_UISupportedInterfaceOrientations_iPad = "UIInterfaceOrientationPortrait UIInterfaceOrientationPortraitUpsideDown UIInterfaceOrientationLandscapeLeft UIInterfaceOrientationLandscapeRight";
				INFOPLIST_KEY_UISupportedInterfaceOrientations_iPhone = "UIInterfaceOrientationPortrait UIInterfaceOrientationLandscapeLeft UIInterfaceOrientationLandscapeRight";
				LD_RUNPATH_SEARCH_PATHS = (
					"$(inherited)",
					"@executable_path/Frameworks",
				);
				MARKETING_VERSION = 1.0;
				PRODUCT_BUNDLE_IDENTIFIER = "hrdkdh.python-quiz";
				PRODUCT_NAME = "$(TARGET_NAME)";
				SWIFT_EMIT_LOC_STRINGS = YES;
				SWIFT_VERSION = 5.0;
				TARGETED_DEVICE_FAMILY = "1,2";
			};
			name = Release;
		};
		125356AF27A2C0C8005AA06F /* Debug */ = {
			isa = XCBuildConfiguration;
			buildSettings = {
				ALWAYS_EMBED_SWIFT_STANDARD_LIBRARIES = YES;
				BUNDLE_LOADER = "$(TEST_HOST)";
				CODE_SIGN_STYLE = Automatic;
				CURRENT_PROJECT_VERSION = 1;
				DEVELOPMENT_TEAM = J65ZAZ2PMQ;
				GENERATE_INFOPLIST_FILE = YES;
				IPHONEOS_DEPLOYMENT_TARGET = 15.2;
				MARKETING_VERSION = 1.0;
				PRODUCT_BUNDLE_IDENTIFIER = "hrdkdh.python-quizTests";
				PRODUCT_NAME = "$(TARGET_NAME)";
				SWIFT_EMIT_LOC_STRINGS = NO;
				SWIFT_VERSION = 5.0;
				TARGETED_DEVICE_FAMILY = "1,2";
				TEST_HOST = "$(BUILT_PRODUCTS_DIR)/python_quiz.app/python_quiz";
			};
			name = Debug;
		};
		125356B027A2C0C8005AA06F /* Release */ = {
			isa = XCBuildConfiguration;
			buildSettings = {
				ALWAYS_EMBED_SWIFT_STANDARD_LIBRARIES = YES;
				BUNDLE_LOADER = "$(TEST_HOST)";
				CODE_SIGN_STYLE = Automatic;
				CURRENT_PROJECT_VERSION = 1;
				DEVELOPMENT_TEAM = J65ZAZ2PMQ;
				GENERATE_INFOPLIST_FILE = YES;
				IPHONEOS_DEPLOYMENT_TARGET = 15.2;
				MARKETING_VERSION = 1.0;
				PRODUCT_BUNDLE_IDENTIFIER = "hrdkdh.python-quizTests";
				PRODUCT_NAME = "$(TARGET_NAME)";
				SWIFT_EMIT_LOC_STRINGS = NO;
				SWIFT_VERSION = 5.0;
				TARGETED_DEVICE_FAMILY = "1,2";
				TEST_HOST = "$(BUILT_PRODUCTS_DIR)/python_quiz.app/python_quiz";
			};
			name = Release;
		};
		125356B227A2C0C8005AA06F /* Debug */ = {
			isa = XCBuildConfiguration;
			buildSettings = {
				ALWAYS_EMBED_SWIFT_STANDARD_LIBRARIES = YES;
				CODE_SIGN_STYLE = Automatic;
				CURRENT_PROJECT_VERSION = 1;
				DEVELOPMENT_TEAM = J65ZAZ2PMQ;
				GENERATE_INFOPLIST_FILE = YES;
				MARKETING_VERSION = 1.0;
				PRODUCT_BUNDLE_IDENTIFIER = "hrdkdh.python-quizUITests";
				PRODUCT_NAME = "$(TARGET_NAME)";
				SWIFT_EMIT_LOC_STRINGS = NO;
				SWIFT_VERSION = 5.0;
				TARGETED_DEVICE_FAMILY = "1,2";
				TEST_TARGET_NAME = python_quiz;
			};
			name = Debug;
		};
		125356B327A2C0C8005AA06F /* Release */ = {
			isa = XCBuildConfiguration;
			buildSettings = {
				ALWAYS_EMBED_SWIFT_STANDARD_LIBRARIES = YES;
				CODE_SIGN_STYLE = Automatic;
				CURRENT_PROJECT_VERSION = 1;
				DEVELOPMENT_TEAM = J65ZAZ2PMQ;
				GENERATE_INFOPLIST_FILE = YES;
				MARKETING_VERSION = 1.0;
				PRODUCT_BUNDLE_IDENTIFIER = "hrdkdh.python-quizUITests";
				PRODUCT_NAME = "$(TARGET_NAME)";
				SWIFT_EMIT_LOC_STRINGS = NO;
				SWIFT_VERSION = 5.0;
				TARGETED_DEVICE_FAMILY = "1,2";
				TEST_TARGET_NAME = python_quiz;
			};
			name = Release;
		};
/* End XCBuildConfiguration section */

/* Begin XCConfigurationList section */
		1253568227A2C0C8005AA06F /* Build configuration list for PBXProject "python_quiz" */ = {
			isa = XCConfigurationList;
			buildConfigurations = (
				125356A927A2C0C8005AA06F /* Debug */,
				125356AA27A2C0C8005AA06F /* Release */,
			);
			defaultConfigurationIsVisible = 0;
			defaultConfigurationName = Release;
		};
		125356AB27A2C0C8005AA06F /* Build configuration list for PBXNativeTarget "python_quiz" */ = {
			isa = XCConfigurationList;
			buildConfigurations = (
				125356AC27A2C0C8005AA06F /* Debug */,
				125356AD27A2C0C8005AA06F /* Release */,
			);
			defaultConfigurationIsVisible = 0;
			defaultConfigurationName = Release;
		};
		125356AE27A2C0C8005AA06F /* Build configuration list for PBXNativeTarget "python_quizTests" */ = {
			isa = XCConfigurationList;
			buildConfigurations = (
				125356AF27A2C0C8005AA06F /* Debug */,
				125356B027A2C0C8005AA06F /* Release */,
			);
			defaultConfigurationIsVisible = 0;
			defaultConfigurationName = Release;
		};
		125356B127A2C0C8005AA06F /* Build configuration list for PBXNativeTarget "python_quizUITests" */ = {
			isa = XCConfigurationList;
			buildConfigurations = (
				125356B227A2C0C8005AA06F /* Debug */,
				125356B327A2C0C8005AA06F /* Release */,
			);
			defaultConfigurationIsVisible = 0;
			defaultConfigurationName = Release;
		};
/* End XCConfigurationList section */
	};
	rootObject = 1253567F27A2C0C8005AA06F /* Project object */;
}
